{
  "name": "language-benchmarks",
  "version": "0.0.1",
  "lockfileVersion": 1,
  "requires": true,
  "dependencies": {
    "pidusage": {
      "version": "2.0.6",
      "resolved": "https://registry.npmjs.org/pidusage/-/pidusage-2.0.6.tgz",
      "integrity": "sha512-mk0HhtKlxN+9b7Vj/uI3eKzt2BQAb06ndMWNT8nykcIbTB4jT42hs3blMfVxgUNedpfD/U0OWn/hCcpa4ClfGg=="
    }
  }
}
